// !$*UTF8*$!
{
	archiveVersion = 1;
	classes = {
	};
	objectVersion = 77;
	objects = {

/* Begin PBXContainerItemProxy section */
		971AE9942CDBCF3500C5D013 /* PBXContainerItemProxy */ = {
			isa = PBXContainerItemProxy;
			containerPortal = 971AE9752CDBCF3300C5D013 /* Project object */;
			proxyType = 1;
			remoteGlobalIDString = 971AE97C2CDBCF3300C5D013;
			remoteInfo = match2;
		};
		971AE99E2CDBCF3500C5D013 /* PBXContainerItemProxy */ = {
			isa = PBXContainerItemProxy;
			containerPortal = 971AE9752CDBCF3300C5D013 /* Project object */;
			proxyType = 1;
			remoteGlobalIDString = 971AE97C2CDBCF3300C5D013;
			remoteInfo = match2;
		};
/* End PBXContainerItemProxy section */

/* Begin PBXFileReference section */
		971AE97D2CDBCF3300C5D013 /* match2.app */ = {isa = PBXFileReference; explicitFileType = wrapper.application; includeInIndex = 0; path = match2.app; sourceTree = BUILT_PRODUCTS_DIR; };
		971AE9932CDBCF3500C5D013 /* match2Tests.xctest */ = {isa = PBXFileReference; explicitFileType = wrapper.cfbundle; includeInIndex = 0; path = match2Tests.xctest; sourceTree = BUILT_PRODUCTS_DIR; };
		971AE99D2CDBCF3500C5D013 /* match2UITests.xctest */ = {isa = PBXFileReference; explicitFileType = wrapper.cfbundle; includeInIndex = 0; path = match2UITests.xctest; sourceTree = BUILT_PRODUCTS_DIR; };
/* End PBXFileReference section */

/* Begin PBXFileSystemSynchronizedBuildFileExceptionSet section */
		971AE9A52CDBCF3500C5D013 /* Exceptions for "match2" folder in "match2" target */ = {
			isa = PBXFileSystemSynchronizedBuildFileExceptionSet;
			membershipExceptions = (
				Info.plist,
			);
			target = 971AE97C2CDBCF3300C5D013 /* match2 */;
		};
/* End PBXFileSystemSynchronizedBuildFileExceptionSet section */

/* Begin PBXFileSystemSynchronizedRootGroup section */
		971AE97F2CDBCF3300C5D013 /* match2 */ = {
			isa = PBXFileSystemSynchronizedRootGroup;
			exceptions = (
				971AE9A52CDBCF3500C5D013 /* Exceptions for "match2" folder in "match2" target */,
			);
			path = match2;
			sourceTree = "<group>";
		};
		971AE9962CDBCF3500C5D013 /* match2Tests */ = {
			isa = PBXFileSystemSynchronizedRootGroup;
			path = match2Tests;
			sourceTree = "<group>";
		};
		971AE9A02CDBCF3500C5D013 /* match2UITests */ = {
			isa = PBXFileSystemSynchronizedRootGroup;
			path = match2UITests;
			sourceTree = "<group>";
		};
/* End PBXFileSystemSynchronizedRootGroup section */

/* Begin PBXFrameworksBuildPhase section */
		971AE97A2CDBCF3300C5D013 /* Frameworks */ = {
			isa = PBXFrameworksBuildPhase;
			buildActionMask = 2147483647;
			files = (
			);
			runOnlyForDeploymentPostprocessing = 0;
		};
		971AE9902CDBCF3500C5D013 /* Frameworks */ = {
			isa = PBXFrameworksBuildPhase;
			buildActionMask = 2147483647;
			files = (
			);
			runOnlyForDeploymentPostprocessing = 0;
		};
		971AE99A2CDBCF3500C5D013 /* Frameworks */ = {
			isa = PBXFrameworksBuildPhase;
			buildActionMask = 2147483647;
			files = (
			);
			runOnlyForDeploymentPostprocessing = 0;
		};
/* End PBXFrameworksBuildPhase section */

/* Begin PBXGroup section */
		971AE9742CDBCF3300C5D013 = {
			isa = PBXGroup;
			children = (
				971AE97F2CDBCF3300C5D013 /* match2 */,
				971AE9962CDBCF3500C5D013 /* match2Tests */,
				971AE9A02CDBCF3500C5D013 /* match2UITests */,
				971AE97E2CDBCF3300C5D013 /* Products */,
			);
			sourceTree = "<group>";
		};
		971AE97E2CDBCF3300C5D013 /* Products */ = {
			isa = PBXGroup;
			children = (
				971AE97D2CDBCF3300C5D013 /* match2.app */,
				971AE9932CDBCF3500C5D013 /* match2Tests.xctest */,
				971AE99D2CDBCF3500C5D013 /* match2UITests.xctest */,
			);
			name = Products;
			sourceTree = "<group>";
		};
/* End PBXGroup section */

/* Begin PBXNativeTarget section */
		971AE97C2CDBCF3300C5D013 /* match2 */ = {
			isa = PBXNativeTarget;
			buildConfigurationList = 971AE9A62CDBCF3500C5D013 /* Build configuration list for PBXNativeTarget "match2" */;
			buildPhases = (
				971AE9792CDBCF3300C5D013 /* Sources */,
				971AE97A2CDBCF3300C5D013 /* Frameworks */,
				971AE97B2CDBCF3300C5D013 /* Resources */,
			);
			buildRules = (
			);
			dependencies = (
			);
			fileSystemSynchronizedGroups = (
				971AE97F2CDBCF3300C5D013 /* match2 */,
			);
			name = match2;
			packageProductDependencies = (
			);
			productName = match2;
			productReference = 971AE97D2CDBCF3300C5D013 /* match2.app */;
			productType = "com.apple.product-type.application";
		};
		971AE9922CDBCF3500C5D013 /* match2Tests */ = {
			isa = PBXNativeTarget;
			buildConfigurationList = 971AE9AB2CDBCF3500C5D013 /* Build configuration list for PBXNativeTarget "match2Tests" */;
			buildPhases = (
				971AE98F2CDBCF3500C5D013 /* Sources */,
				971AE9902CDBCF3500C5D013 /* Frameworks */,
				971AE9912CDBCF3500C5D013 /* Resources */,
			);
			buildRules = (
			);
			dependencies = (
				971AE9952CDBCF3500C5D013 /* PBXTargetDependency */,
			);
			fileSystemSynchronizedGroups = (
				971AE9962CDBCF3500C5D013 /* match2Tests */,
			);
			name = match2Tests;
			packageProductDependencies = (
			);
			productName = match2Tests;
			productReference = 971AE9932CDBCF3500C5D013 /* match2Tests.xctest */;
			productType = "com.apple.product-type.bundle.unit-test";
		};
		971AE99C2CDBCF3500C5D013 /* match2UITests */ = {
			isa = PBXNativeTarget;
			buildConfigurationList = 971AE9AE2CDBCF3500C5D013 /* Build configuration list for PBXNativeTarget "match2UITests" */;
			buildPhases = (
				971AE9992CDBCF3500C5D013 /* Sources */,
				971AE99A2CDBCF3500C5D013 /* Frameworks */,
				971AE99B2CDBCF3500C5D013 /* Resources */,
			);
			buildRules = (
			);
			dependencies = (
				971AE99F2CDBCF3500C5D013 /* PBXTargetDependency */,
			);
			fileSystemSynchronizedGroups = (
				971AE9A02CDBCF3500C5D013 /* match2UITests */,
			);
			name = match2UITests;
			packageProductDependencies = (
			);
			productName = match2UITests;
			productReference = 971AE99D2CDBCF3500C5D013 /* match2UITests.xctest */;
			productType = "com.apple.product-type.bundle.ui-testing";
		};
/* End PBXNativeTarget section */

/* Begin PBXProject section */
		971AE9752CDBCF3300C5D013 /* Project object */ = {
			isa = PBXProject;
			attributes = {
				BuildIndependentTargetsInParallel = 1;
				LastSwiftUpdateCheck = 1600;
				LastUpgradeCheck = 1600;
				TargetAttributes = {
					971AE97C2CDBCF3300C5D013 = {
						CreatedOnToolsVersion = 16.0;
					};
					971AE9922CDBCF3500C5D013 = {
						CreatedOnToolsVersion = 16.0;
						TestTargetID = 971AE97C2CDBCF3300C5D013;
					};
					971AE99C2CDBCF3500C5D013 = {
						CreatedOnToolsVersion = 16.0;
						TestTargetID = 971AE97C2CDBCF3300C5D013;
					};
				};
			};
			buildConfigurationList = 971AE9782CDBCF3300C5D013 /* Build configuration list for PBXProject "match2" */;
			developmentRegion = en;
			hasScannedForEncodings = 0;
			knownRegions = (
				en,
				Base,
			);
			mainGroup = 971AE9742CDBCF3300C5D013;
			minimizedProjectReferenceProxies = 1;
			preferredProjectObjectVersion = 77;
			productRefGroup = 971AE97E2CDBCF3300C5D013 /* Products */;
			projectDirPath = "";
			projectRoot = "";
			targets = (
				971AE97C2CDBCF3300C5D013 /* match2 */,
				971AE9922CDBCF3500C5D013 /* match2Tests */,
				971AE99C2CDBCF3500C5D013 /* match2UITests */,
			);
		};
/* End PBXProject section */

/* Begin PBXResourcesBuildPhase section */
		971AE97B2CDBCF3300C5D013 /* Resources */ = {
			isa = PBXResourcesBuildPhase;
			buildActionMask = 2147483647;
			files = (
			);
			runOnlyForDeploymentPostprocessing = 0;
		};
		971AE9912CDBCF3500C5D013 /* Resources */ = {
			isa = PBXResourcesBuildPhase;
			buildActionMask = 2147483647;
			files = (
			);
			runOnlyForDeploymentPostprocessing = 0;
		};
		971AE99B2CDBCF3500C5D013 /* Resources */ = {
			isa = PBXResourcesBuildPhase;
			buildActionMask = 2147483647;
			files = (
			);
			runOnlyForDeploymentPostprocessing = 0;
		};
/* End PBXResourcesBuildPhase section */

/* Begin PBXSourcesBuildPhase section */
		971AE9792CDBCF3300C5D013 /* Sources */ = {
			isa = PBXSourcesBuildPhase;
			buildActionMask = 2147483647;
			files = (
			);
			runOnlyForDeploymentPostprocessing = 0;
		};
		971AE98F2CDBCF3500C5D013 /* Sources */ = {
			isa = PBXSourcesBuildPhase;
			buildActionMask = 2147483647;
			files = (
			);
			runOnlyForDeploymentPostprocessing = 0;
		};
		971AE9992CDBCF3500C5D013 /* Sources */ = {
			isa = PBXSourcesBuildPhase;
			buildActionMask = 2147483647;
			files = (
			);
			runOnlyForDeploymentPostprocessing = 0;
		};
/* End PBXSourcesBuildPhase section */

/* Begin PBXTargetDependency section */
		971AE9952CDBCF3500C5D013 /* PBXTargetDependency */ = {
			isa = PBXTargetDependency;
			target = 971AE97C2CDBCF3300C5D013 /* match2 */;
			targetProxy = 971AE9942CDBCF3500C5D013 /* PBXContainerItemProxy */;
		};
		971AE99F2CDBCF3500C5D013 /* PBXTargetDependency */ = {
			isa = PBXTargetDependency;
			target = 971AE97C2CDBCF3300C5D013 /* match2 */;
			targetProxy = 971AE99E2CDBCF3500C5D013 /* PBXContainerItemProxy */;
		};
/* End PBXTargetDependency section */

/* Begin XCBuildConfiguration section */
		971AE9A72CDBCF3500C5D013 /* Debug */ = {
			isa = XCBuildConfiguration;
			buildSettings = {
				ASSETCATALOG_COMPILER_APPICON_NAME = AppIcon;
				ASSETCATALOG_COMPILER_GLOBAL_ACCENT_COLOR_NAME = AccentColor;
				CODE_SIGN_STYLE = Automatic;
				CURRENT_PROJECT_VERSION = 1;
				DEVELOPMENT_TEAM = XD924RPS39;
				GENERATE_INFOPLIST_FILE = YES;
				INFOPLIST_FILE = match2/Info.plist;
				INFOPLIST_KEY_UIApplicationSupportsIndirectInputEvents = YES;
				INFOPLIST_KEY_UILaunchStoryboardName = LaunchScreen;
				INFOPLIST_KEY_UIMainStoryboardFile = Main;
				INFOPLIST_KEY_UISupportedInterfaceOrientations_iPad = "UIInterfaceOrientationPortrait UIInterfaceOrientationPortraitUpsideDown UIInterfaceOrientationLandscapeLeft UIInterfaceOrientationLandscapeRight";
				INFOPLIST_KEY_UISupportedInterfaceOrientations_iPhone = "UIInterfaceOrientationPortrait UIInterfaceOrientationLandscapeLeft UIInterfaceOrientationLandscapeRight";
				LD_RUNPATH_SEARCH_PATHS = (
					"$(inherited)",
					"@executable_path/Frameworks",
				);
				MARKETING_VERSION = 1.0;
				PRODUCT_BUNDLE_IDENTIFIER = kz.mobidev.match2;
				PRODUCT_NAME = "$(TARGET_NAME)";
				SUPPORTED_PLATFORMS = "iphoneos iphonesimulator";
				SUPPORTS_MACCATALYST = NO;
				SUPPORTS_MAC_DESIGNED_FOR_IPHONE_IPAD = NO;
				SUPPORTS_XR_DESIGNED_FOR_IPHONE_IPAD = NO;
				SWIFT_EMIT_LOC_STRINGS = YES;
				SWIFT_VERSION = 5.0;
				TARGETED_DEVICE_FAMILY = 1;
			};
			name = Debug;
		};
		971AE9A82CDBCF3500C5D013 /* Release */ = {
			isa = XCBuildConfiguration;
			buildSettings = {
				ASSETCATALOG_COMPILER_APPICON_NAME = AppIcon;
				ASSETCATALOG_COMPILER_GLOBAL_ACCENT_COLOR_NAME = AccentColor;
				CODE_SIGN_STYLE = Automatic;
				CURRENT_PROJECT_VERSION = 1;
				DEVELOPMENT_TEAM = XD924RPS39;
				GENERATE_INFOPLIST_FILE = YES;
				INFOPLIST_FILE = match2/Info.plist;
				INFOPLIST_KEY_UIApplicationSupportsIndirectInputEvents = YES;
				INFOPLIST_KEY_UILaunchStoryboardName = LaunchScreen;
				INFOPLIST_KEY_UIMainStoryboardFile = Main;
				INFOPLIST_KEY_UISupportedInterfaceOrientations_iPad = "UIInterfaceOrientationPortrait UIInterfaceOrientationPortraitUpsideDown UIInterfaceOrientationLandscapeLeft UIInterfaceOrientationLandscapeRight";
				INFOPLIST_KEY_UISupportedInterfaceOrientations_iPhone = "UIInterfaceOrientationPortrait UIInterfaceOrientationLandscapeLeft UIInterfaceOrientationLandscapeRight";
				LD_RUNPATH_SEARCH_PATHS = (
					"$(inherited)",
					"@executable_path/Frameworks",
				);
				MARKETING_VERSION = 1.0;
				PRODUCT_BUNDLE_IDENTIFIER = kz.mobidev.match2;
				PRODUCT_NAME = "$(TARGET_NAME)";
				SUPPORTED_PLATFORMS = "iphoneos iphonesimulator";
				SUPPORTS_MACCATALYST = NO;
				SUPPORTS_MAC_DESIGNED_FOR_IPHONE_IPAD = NO;
				SUPPORTS_XR_DESIGNED_FOR_IPHONE_IPAD = NO;
				SWIFT_EMIT_LOC_STRINGS = YES;
				SWIFT_VERSION = 5.0;
				TARGETED_DEVICE_FAMILY = 1;
			};
			name = Release;
		};
		971AE9A92CDBCF3500C5D013 /* Debug */ = {
			isa = XCBuildConfiguration;
			buildSettings = {
				ALWAYS_SEARCH_USER_PATHS = NO;
				ASSETCATALOG_COMPILER_GENERATE_SWIFT_ASSET_SYMBOL_EXTENSIONS = YES;
				CLANG_ANALYZER_NONNULL = YES;
				CLANG_ANALYZER_NUMBER_OBJECT_CONVERSION = YES_AGGRESSIVE;
				CLANG_CXX_LANGUAGE_STANDARD = "gnu++20";
				CLANG_ENABLE_MODULES = YES;
				CLANG_ENABLE_OBJC_ARC = YES;
				CLANG_ENABLE_OBJC_WEAK = YES;
				CLANG_WARN_BLOCK_CAPTURE_AUTORELEASING = YES;
				CLANG_WARN_BOOL_CONVERSION = YES;
				CLANG_WARN_COMMA = YES;
				CLANG_WARN_CONSTANT_CONVERSION = YES;
				CLANG_WARN_DEPRECATED_OBJC_IMPLEMENTATIONS = YES;
				CLANG_WARN_DIRECT_OBJC_ISA_USAGE = YES_ERROR;
				CLANG_WARN_DOCUMENTATION_COMMENTS = YES;
				CLANG_WARN_EMPTY_BODY = YES;
				CLANG_WARN_ENUM_CONVERSION = YES;
				CLANG_WARN_INFINITE_RECURSION = YES;
				CLANG_WARN_INT_CONVERSION = YES;
				CLANG_WARN_NON_LITERAL_NULL_CONVERSION = YES;
				CLANG_WARN_OBJC_IMPLICIT_RETAIN_SELF = YES;
				CLANG_WARN_OBJC_LITERAL_CONVERSION = YES;
				CLANG_WARN_OBJC_ROOT_CLASS = YES_ERROR;
				CLANG_WARN_QUOTED_INCLUDE_IN_FRAMEWORK_HEADER = YES;
				CLANG_WARN_RANGE_LOOP_ANALYSIS = YES;
				CLANG_WARN_STRICT_PROTOTYPES = YES;
				CLANG_WARN_SUSPICIOUS_MOVE = YES;
				CLANG_WARN_UNGUARDED_AVAILABILITY = YES_AGGRESSIVE;
				CLANG_WARN_UNREACHABLE_CODE = YES;
				CLANG_WARN__DUPLICATE_METHOD_MATCH = YES;
				COPY_PHASE_STRIP = NO;
				DEBUG_INFORMATION_FORMAT = dwarf;
				ENABLE_STRICT_OBJC_MSGSEND = YES;
				ENABLE_TESTABILITY = YES;
				ENABLE_USER_SCRIPT_SANDBOXING = YES;
				GCC_C_LANGUAGE_STANDARD = gnu17;
				GCC_DYNAMIC_NO_PIC = NO;
				GCC_NO_COMMON_BLOCKS = YES;
				GCC_OPTIMIZATION_LEVEL = 0;
				GCC_PREPROCESSOR_DEFINITIONS = (
					"DEBUG=1",
					"$(inherited)",
				);
				GCC_WARN_64_TO_32_BIT_CONVERSION = YES;
				GCC_WARN_ABOUT_RETURN_TYPE = YES_ERROR;
				GCC_WARN_UNDECLARED_SELECTOR = YES;
				GCC_WARN_UNINITIALIZED_AUTOS = YES_AGGRESSIVE;
				GCC_WARN_UNUSED_FUNCTION = YES;
				GCC_WARN_UNUSED_VARIABLE = YES;
				IPHONEOS_DEPLOYMENT_TARGET = 18.0;
				LOCALIZATION_PREFERS_STRING_CATALOGS = YES;
				MTL_ENABLE_DEBUG_INFO = INCLUDE_SOURCE;
				MTL_FAST_MATH = YES;
				ONLY_ACTIVE_ARCH = YES;
				SDKROOT = iphoneos;
				SWIFT_ACTIVE_COMPILATION_CONDITIONS = "DEBUG $(inherited)";
				SWIFT_OPTIMIZATION_LEVEL = "-Onone";
			};
			name = Debug;
		};
		971AE9AA2CDBCF3500C5D013 /* Release */ = {
			isa = XCBuildConfiguration;
			buildSettings = {
				ALWAYS_SEARCH_USER_PATHS = NO;
				ASSETCATALOG_COMPILER_GENERATE_SWIFT_ASSET_SYMBOL_EXTENSIONS = YES;
				CLANG_ANALYZER_NONNULL = YES;
				CLANG_ANALYZER_NUMBER_OBJECT_CONVERSION = YES_AGGRESSIVE;
				CLANG_CXX_LANGUAGE_STANDARD = "gnu++20";
				CLANG_ENABLE_MODULES = YES;
				CLANG_ENABLE_OBJC_ARC = YES;
				CLANG_ENABLE_OBJC_WEAK = YES;
				CLANG_WARN_BLOCK_CAPTURE_AUTORELEASING = YES;
				CLANG_WARN_BOOL_CONVERSION = YES;
				CLANG_WARN_COMMA = YES;
				CLANG_WARN_CONSTANT_CONVERSION = YES;
				CLANG_WARN_DEPRECATED_OBJC_IMPLEMENTATIONS = YES;
				CLANG_WARN_DIRECT_OBJC_ISA_USAGE = YES_ERROR;
				CLANG_WARN_DOCUMENTATION_COMMENTS = YES;
				CLANG_WARN_EMPTY_BODY = YES;
				CLANG_WARN_ENUM_CONVERSION = YES;
				CLANG_WARN_INFINITE_RECURSION = YES;
				CLANG_WARN_INT_CONVERSION = YES;
				CLANG_WARN_NON_LITERAL_NULL_CONVERSION = YES;
				CLANG_WARN_OBJC_IMPLICIT_RETAIN_SELF = YES;
				CLANG_WARN_OBJC_LITERAL_CONVERSION = YES;
				CLANG_WARN_OBJC_ROOT_CLASS = YES_ERROR;
				CLANG_WARN_QUOTED_INCLUDE_IN_FRAMEWORK_HEADER = YES;
				CLANG_WARN_RANGE_LOOP_ANALYSIS = YES;
				CLANG_WARN_STRICT_PROTOTYPES = YES;
				CLANG_WARN_SUSPICIOUS_MOVE = YES;
				CLANG_WARN_UNGUARDED_AVAILABILITY = YES_AGGRESSIVE;
				CLANG_WARN_UNREACHABLE_CODE = YES;
				CLANG_WARN__DUPLICATE_METHOD_MATCH = YES;
				COPY_PHASE_STRIP = NO;
				DEBUG_INFORMATION_FORMAT = "dwarf-with-dsym";
				ENABLE_NS_ASSERTIONS = NO;
				ENABLE_STRICT_OBJC_MSGSEND = YES;
				ENABLE_USER_SCRIPT_SANDBOXING = YES;
				GCC_C_LANGUAGE_STANDARD = gnu17;
				GCC_NO_COMMON_BLOCKS = YES;
				GCC_WARN_64_TO_32_BIT_CONVERSION = YES;
				GCC_WARN_ABOUT_RETURN_TYPE = YES_ERROR;
				GCC_WARN_UNDECLARED_SELECTOR = YES;
				GCC_WARN_UNINITIALIZED_AUTOS = YES_AGGRESSIVE;
				GCC_WARN_UNUSED_FUNCTION = YES;
				GCC_WARN_UNUSED_VARIABLE = YES;
				IPHONEOS_DEPLOYMENT_TARGET = 18.0;
				LOCALIZATION_PREFERS_STRING_CATALOGS = YES;
				MTL_ENABLE_DEBUG_INFO = NO;
				MTL_FAST_MATH = YES;
				SDKROOT = iphoneos;
				SWIFT_COMPILATION_MODE = wholemodule;
				VALIDATE_PRODUCT = YES;
			};
			name = Release;
		};
		971AE9AC2CDBCF3500C5D013 /* Debug */ = {
			isa = XCBuildConfiguration;
			buildSettings = {
				BUNDLE_LOADER = "$(TEST_HOST)";
				CODE_SIGN_STYLE = Automatic;
				CURRENT_PROJECT_VERSION = 1;
				DEVELOPMENT_TEAM = XD924RPS39;
				GENERATE_INFOPLIST_FILE = YES;
				IPHONEOS_DEPLOYMENT_TARGET = 18.0;
				MARKETING_VERSION = 1.0;
				PRODUCT_BUNDLE_IDENTIFIER = kz.mobidev.match2Tests;
				PRODUCT_NAME = "$(TARGET_NAME)";
				SWIFT_EMIT_LOC_STRINGS = NO;
				SWIFT_VERSION = 5.0;
				TARGETED_DEVICE_FAMILY = "1,2";
				TEST_HOST = "$(BUILT_PRODUCTS_DIR)/match2.app/$(BUNDLE_EXECUTABLE_FOLDER_PATH)/match2";
			};
			name = Debug;
		};
		971AE9AD2CDBCF3500C5D013 /* Release */ = {
			isa = XCBuildConfiguration;
			buildSettings = {
				BUNDLE_LOADER = "$(TEST_HOST)";
				CODE_SIGN_STYLE = Automatic;
				CURRENT_PROJECT_VERSION = 1;
				DEVELOPMENT_TEAM = XD924RPS39;
				GENERATE_INFOPLIST_FILE = YES;
				IPHONEOS_DEPLOYMENT_TARGET = 18.0;
				MARKETING_VERSION = 1.0;
				PRODUCT_BUNDLE_IDENTIFIER = kz.mobidev.match2Tests;
				PRODUCT_NAME = "$(TARGET_NAME)";
				SWIFT_EMIT_LOC_STRINGS = NO;
				SWIFT_VERSION = 5.0;
				TARGETED_DEVICE_FAMILY = "1,2";
				TEST_HOST = "$(BUILT_PRODUCTS_DIR)/match2.app/$(BUNDLE_EXECUTABLE_FOLDER_PATH)/match2";
			};
			name = Release;
		};
		971AE9AF2CDBCF3500C5D013 /* Debug */ = {
			isa = XCBuildConfiguration;
			buildSettings = {
				CODE_SIGN_STYLE = Automatic;
				CURRENT_PROJECT_VERSION = 1;
				DEVELOPMENT_TEAM = XD924RPS39;
				GENERATE_INFOPLIST_FILE = YES;
				MARKETING_VERSION = 1.0;
				PRODUCT_BUNDLE_IDENTIFIER = kz.mobidev.match2UITests;
				PRODUCT_NAME = "$(TARGET_NAME)";
				SWIFT_EMIT_LOC_STRINGS = NO;
				SWIFT_VERSION = 5.0;
				TARGETED_DEVICE_FAMILY = "1,2";
				TEST_TARGET_NAME = match2;
			};
			name = Debug;
		};
		971AE9B02CDBCF3500C5D013 /* Release */ = {
			isa = XCBuildConfiguration;
			buildSettings = {
				CODE_SIGN_STYLE = Automatic;
				CURRENT_PROJECT_VERSION = 1;
				DEVELOPMENT_TEAM = XD924RPS39;
				GENERATE_INFOPLIST_FILE = YES;
				MARKETING_VERSION = 1.0;
				PRODUCT_BUNDLE_IDENTIFIER = kz.mobidev.match2UITests;
				PRODUCT_NAME = "$(TARGET_NAME)";
				SWIFT_EMIT_LOC_STRINGS = NO;
				SWIFT_VERSION = 5.0;
				TARGETED_DEVICE_FAMILY = "1,2";
				TEST_TARGET_NAME = match2;
			};
			name = Release;
		};
/* End XCBuildConfiguration section */

/* Begin XCConfigurationList section */
		971AE9782CDBCF3300C5D013 /* Build configuration list for PBXProject "match2" */ = {
			isa = XCConfigurationList;
			buildConfigurations = (
				971AE9A92CDBCF3500C5D013 /* Debug */,
				971AE9AA2CDBCF3500C5D013 /* Release */,
			);
			defaultConfigurationIsVisible = 0;
			defaultConfigurationName = Release;
		};
		971AE9A62CDBCF3500C5D013 /* Build configuration list for PBXNativeTarget "match2" */ = {
			isa = XCConfigurationList;
			buildConfigurations = (
				971AE9A72CDBCF3500C5D013 /* Debug */,
				971AE9A82CDBCF3500C5D013 /* Release */,
			);
			defaultConfigurationIsVisible = 0;
			defaultConfigurationName = Release;
		};
		971AE9AB2CDBCF3500C5D013 /* Build configuration list for PBXNativeTarget "match2Tests" */ = {
			isa = XCConfigurationList;
			buildConfigurations = (
				971AE9AC2CDBCF3500C5D013 /* Debug */,
				971AE9AD2CDBCF3500C5D013 /* Release */,
			);
			defaultConfigurationIsVisible = 0;
			defaultConfigurationName = Release;
		};
		971AE9AE2CDBCF3500C5D013 /* Build configuration list for PBXNativeTarget "match2UITests" */ = {
			isa = XCConfigurationList;
			buildConfigurations = (
				971AE9AF2CDBCF3500C5D013 /* Debug */,
				971AE9B02CDBCF3500C5D013 /* Release */,
			);
			defaultConfigurationIsVisible = 0;
			defaultConfigurationName = Release;
		};
/* End XCConfigurationList section */
	};
	rootObject = 971AE9752CDBCF3300C5D013 /* Project object */;
}
